
Microsoft Visual Studio Solution File, Format Version 12.00
# Visual Studio Version 17
VisualStudioVersion = 17.4.33110.190
MinimumVisualStudioVersion = 10.0.40219.1
Project("{FAE04EC0-301F-11D3-BF4B-00C04F79EFBC}") = "OrderStep.Form", "OrderStep.Api\OrderStep.Form.csproj", "{89972181-B69B-4075-845B-FBD2510FA073}"
EndProject
Project("{FAE04EC0-301F-11D3-BF4B-00C04F79EFBC}") = "OrderStep.Infrastracture", "OrderStep.Infrastracture\OrderStep.Infrastracture.csproj", "{80157D42-8A5F-456D-B7E4-094231BF95F8}"
EndProject
Project("{FAE04EC0-301F-11D3-BF4B-00C04F79EFBC}") = "OrderStep.Domain", "OrderStep.Domain\OrderStep.Domain.csproj", "{40B69086-5328-4616-B22B-97896E184F18}"
EndProject
Project("{FAE04EC0-301F-11D3-BF4B-00C04F79EFBC}") = "OrderStep.WebApi", "OrderStep.WebApi\OrderStep.WebApi.csproj", "{E6F60670-B360-4C0E-9364-E8C9312EA8BF}"
EndProject
Global
	GlobalSection(SolutionConfigurationPlatforms) = preSolution
		Debug|Any CPU = Debug|Any CPU
		Release|Any CPU = Release|Any CPU
	EndGlobalSection
	GlobalSection(ProjectConfigurationPlatforms) = postSolution
		{89972181-B69B-4075-845B-FBD2510FA073}.Debug|Any CPU.ActiveCfg = Debug|Any CPU
		{89972181-B69B-4075-845B-FBD2510FA073}.Debug|Any CPU.Build.0 = Debug|Any CPU
		{89972181-B69B-4075-845B-FBD2510FA073}.Release|Any CPU.ActiveCfg = Release|Any CPU
		{89972181-B69B-4075-845B-FBD2510FA073}.Release|Any CPU.Build.0 = Release|Any CPU
		{80157D42-8A5F-456D-B7E4-094231BF95F8}.Debug|Any CPU.ActiveCfg = Debug|Any CPU
		{80157D42-8A5F-456D-B7E4-094231BF95F8}.Debug|Any CPU.Build.0 = Debug|Any CPU
		{80157D42-8A5F-456D-B7E4-094231BF95F8}.Release|Any CPU.ActiveCfg = Release|Any CPU
		{80157D42-8A5F-456D-B7E4-094231BF95F8}.Release|Any CPU.Build.0 = Release|Any CPU
		{40B69086-5328-4616-B22B-97896E184F18}.Debug|Any CPU.ActiveCfg = Debug|Any CPU
		{40B69086-5328-4616-B22B-97896E184F18}.Debug|Any CPU.Build.0 = Debug|Any CPU
		{40B69086-5328-4616-B22B-97896E184F18}.Release|Any CPU.ActiveCfg = Release|Any CPU
		{40B69086-5328-4616-B22B-97896E184F18}.Release|Any CPU.Build.0 = Release|Any CPU
		{E6F60670-B360-4C0E-9364-E8C9312EA8BF}.Debug|Any CPU.ActiveCfg = Debug|Any CPU
		{E6F60670-B360-4C0E-9364-E8C9312EA8BF}.Debug|Any CPU.Build.0 = Debug|Any CPU
		{E6F60670-B360-4C0E-9364-E8C9312EA8BF}.Release|Any CPU.ActiveCfg = Release|Any CPU
		{E6F60670-B360-4C0E-9364-E8C9312EA8BF}.Release|Any CPU.Build.0 = Release|Any CPU
	EndGlobalSection
	GlobalSection(SolutionProperties) = preSolution
		HideSolutionNode = FALSE
	EndGlobalSection
	GlobalSection(ExtensibilityGlobals) = postSolution
		SolutionGuid = {D03444B2-AABE-4FC3-9132-F3536F840C04}
	EndGlobalSection
EndGlobal
